<?xml version="1.0" encoding="utf-8"?>
<Project ToolsVersion="4.0" xmlns="http://schemas.microsoft.com/developer/msbuild/2003">
  <ItemGroup>
    <Filter Include="Source Files">
      <UniqueIdentifier>{4FC737F1-C7A5-4376-A066-2A32D752A2FF}</UniqueIdentifier>
      <Extensions>cpp;c;cc;cxx;c++;cppm;ixx;def;odl;idl;hpj;bat;asm;asmx</Extensions>
    </Filter>
    <Filter Include="Header Files">
      <UniqueIdentifier>{93995380-89BD-4b04-88EB-625FBE52EBFB}</UniqueIdentifier>
      <Extensions>h;hh;hpp;hxx;h++;hm;inl;inc;ipp;xsd</Extensions>
    </Filter>
    <Filter Include="Resource Files">
      <UniqueIdentifier>{67DA6AB6-F800-4c08-8B7A-83BB121AAD01}</UniqueIdentifier>
      <Extensions>rc;ico;cur;bmp;dlg;rc2;rct;bin;rgs;gif;jpg;jpeg;jpe;resx;tiff;tif;png;wav;mfcribbon-ms</Extensions>
    </Filter>
    <Filter Include="Source Files\DynamicStringAllocation">
      <UniqueIdentifier>{025b5d3f-b4d7-43db-8efd-2998ff9e7029}</UniqueIdentifier>
    </Filter>
    <Filter Include="Source Files\DynamicArray">
      <UniqueIdentifier>{16ecb7f3-d402-472e-93c7-3143a0e5ef07}</UniqueIdentifier>
    </Filter>
    <Filter Include="Source Files\IOWriteNRead">
      <UniqueIdentifier>{42237467-948d-4c54-90cf-37ab6ba3fdd7}</UniqueIdentifier>
    </Filter>
    <Filter Include="Source Files\Utility">
      <UniqueIdentifier>{351ecaa7-592b-42e4-8e2b-f3e36a42d1fe}</UniqueIdentifier>
    </Filter>
    <Filter Include="Source Files\Utility\Macros">
      <UniqueIdentifier>{67a7486c-13b8-4751-9ab1-f5f9f1c6f4ec}</UniqueIdentifier>
    </Filter>
    <Filter Include="Source Files\Utility\Array Manipulations">
      <UniqueIdentifier>{88947525-9377-4c94-acc9-0da71a30e76e}</UniqueIdentifier>
    </Filter>
    <Filter Include="Source Files\AsyncTesting">
      <UniqueIdentifier>{f3cb2b4e-2f59-425f-9de7-545b48893e7b}</UniqueIdentifier>
    </Filter>
  </ItemGroup>
  <ItemGroup>
    <ClCompile Include="DynamicStringLibrary.cpp">
      <Filter>Source Files\DynamicStringAllocation</Filter>
    </ClCompile>
    <ClCompile Include="Program.cpp">
      <Filter>Source Files</Filter>
    </ClCompile>
    <ClCompile Include="FileStream.cpp">
      <Filter>Source Files\IOWriteNRead</Filter>
    </ClCompile>
    <ClCompile Include="CustomMacros.cpp">
      <Filter>Source Files\Utility\Macros</Filter>
    </ClCompile>
    <ClCompile Include="AsyncTest.cpp">
      <Filter>Source Files\AsyncTesting</Filter>
    </ClCompile>
    <ClCompile Include="ArrayFunc.cpp">
      <Filter>Source Files\Utility\Array Manipulations</Filter>
    </ClCompile>
  </ItemGroup>
  <ItemGroup>
    <ClInclude Include="DynamicStringLibrary.h">
      <Filter>Source Files\DynamicStringAllocation</Filter>
    </ClInclude>
    <ClInclude Include="List.h">
      <Filter>Source Files\DynamicArray</Filter>
    </ClInclude>
    <ClInclude Include="FileStream.h">
      <Filter>Source Files\IOWriteNRead</Filter>
    </ClInclude>
    <ClInclude Include="CustomMacros.h">
      <Filter>Source Files\Utility\Macros</Filter>
    </ClInclude>
    <ClInclude Include="AsyncTest.h">
      <Filter>Source Files\AsyncTesting</Filter>
    </ClInclude>
    <ClInclude Include="ArrayFunc.h">
      <Filter>Source Files\Utility\Array Manipulations</Filter>
    </ClInclude>
  </ItemGroup>
</Project>